{
    "_meta": {
        "hash": {
            "sha256": "cf1d91cc633105a98d06b218ce49b22b753412a436c36ddee042f2dadcd46d0b"
        },
        "pipfile-spec": 6,
        "requires": {},
        "sources": [
            {
                "name": "pypi",
                "url": "https://pypi.org/simple",
                "verify_ssl": true
            }
        ]
    },
    "default": {
        "attrs": {
            "hashes": [
                "sha256:2d27e3784d7a565d36ab851fe94887c5eccd6a463168875832a1be79c82828b4",
                "sha256:626ba8234211db98e869df76230a137c4c40a12d72445c45d5f5b716f076e2fd"
            ],
            "markers": "python_version >= '2.7' and python_version not in '3.0, 3.1, 3.2, 3.3, 3.4'",
            "version": "==21.4.0"
        },
        "bcrypt": {
            "hashes": [
                "sha256:56e5da069a76470679f312a7d3d23deb3ac4519991a0361abc11da837087b61d",
                "sha256:5b93c1726e50a93a033c36e5ca7fdcd29a5c7395af50a6892f5d9e7c6cfbfb29",
                "sha256:63d4e3ff96188e5898779b6057878fecf3f11cfe6ec3b313ea09955d587ec7a7",
                "sha256:81fec756feff5b6818ea7ab031205e1d323d8943d237303baca2c5f9c7846f34",
                "sha256:a0584a92329210fcd75eb8a3250c5a941633f8bfaf2a18f81009b097732839b7",
                "sha256:a67fb841b35c28a59cebed05fbd3e80eea26e6d75851f0574a9273c80f3e9b55",
                "sha256:b589229207630484aefe5899122fb938a5b017b0f4349f769b8c13e78d99a8fd",
                "sha256:c95d4cbebffafcdd28bd28bb4e25b31c50f6da605c81ffd9ad8a3d1b2ab7b1b6",
                "sha256:cd1ea2ff3038509ea95f687256c46b79f5fc382ad0aa3664d200047546d511d1",
                "sha256:cdcdcb3972027f83fe24a48b1e90ea4b584d35f1cc279d76de6fc4b13376239d"
            ],
            "markers": "python_version >= '3.6'",
            "version": "==3.2.0"
        },
        "cffi": {
            "hashes": [
                "sha256:00c878c90cb53ccfaae6b8bc18ad05d2036553e6d9d1d9dbcf323bbe83854ca3",
                "sha256:0104fb5ae2391d46a4cb082abdd5c69ea4eab79d8d44eaaf79f1b1fd806ee4c2",
                "sha256:06c48159c1abed75c2e721b1715c379fa3200c7784271b3c46df01383b593636",
                "sha256:0808014eb713677ec1292301ea4c81ad277b6cdf2fdd90fd540af98c0b101d20",
                "sha256:10dffb601ccfb65262a27233ac273d552ddc4d8ae1bf93b21c94b8511bffe728",
                "sha256:14cd121ea63ecdae71efa69c15c5543a4b5fbcd0bbe2aad864baca0063cecf27",
                "sha256:17771976e82e9f94976180f76468546834d22a7cc404b17c22df2a2c81db0c66",
                "sha256:181dee03b1170ff1969489acf1c26533710231c58f95534e3edac87fff06c443",
                "sha256:23cfe892bd5dd8941608f93348c0737e369e51c100d03718f108bf1add7bd6d0",
                "sha256:263cc3d821c4ab2213cbe8cd8b355a7f72a8324577dc865ef98487c1aeee2bc7",
                "sha256:2756c88cbb94231c7a147402476be2c4df2f6078099a6f4a480d239a8817ae39",
                "sha256:27c219baf94952ae9d50ec19651a687b826792055353d07648a5695413e0c605",
                "sha256:2a23af14f408d53d5e6cd4e3d9a24ff9e05906ad574822a10563efcef137979a",
                "sha256:31fb708d9d7c3f49a60f04cf5b119aeefe5644daba1cd2a0fe389b674fd1de37",
                "sha256:3415c89f9204ee60cd09b235810be700e993e343a408693e80ce7f6a40108029",
                "sha256:3773c4d81e6e818df2efbc7dd77325ca0dcb688116050fb2b3011218eda36139",
                "sha256:3b96a311ac60a3f6be21d2572e46ce67f09abcf4d09344c49274eb9e0bf345fc",
                "sha256:3f7d084648d77af029acb79a0ff49a0ad7e9d09057a9bf46596dac9514dc07df",
                "sha256:41d45de54cd277a7878919867c0f08b0cf817605e4eb94093e7516505d3c8d14",
                "sha256:4238e6dab5d6a8ba812de994bbb0a79bddbdf80994e4ce802b6f6f3142fcc880",
                "sha256:45db3a33139e9c8f7c09234b5784a5e33d31fd6907800b316decad50af323ff2",
                "sha256:45e8636704eacc432a206ac7345a5d3d2c62d95a507ec70d62f23cd91770482a",
                "sha256:4958391dbd6249d7ad855b9ca88fae690783a6be9e86df65865058ed81fc860e",
                "sha256:4a306fa632e8f0928956a41fa8e1d6243c71e7eb59ffbd165fc0b41e316b2474",
                "sha256:57e9ac9ccc3101fac9d6014fba037473e4358ef4e89f8e181f8951a2c0162024",
                "sha256:59888172256cac5629e60e72e86598027aca6bf01fa2465bdb676d37636573e8",
                "sha256:5e069f72d497312b24fcc02073d70cb989045d1c91cbd53979366077959933e0",
                "sha256:64d4ec9f448dfe041705426000cc13e34e6e5bb13736e9fd62e34a0b0c41566e",
                "sha256:6dc2737a3674b3e344847c8686cf29e500584ccad76204efea14f451d4cc669a",
                "sha256:74fdfdbfdc48d3f47148976f49fab3251e550a8720bebc99bf1483f5bfb5db3e",
                "sha256:75e4024375654472cc27e91cbe9eaa08567f7fbdf822638be2814ce059f58032",
                "sha256:786902fb9ba7433aae840e0ed609f45c7bcd4e225ebb9c753aa39725bb3e6ad6",
                "sha256:8b6c2ea03845c9f501ed1313e78de148cd3f6cad741a75d43a29b43da27f2e1e",
                "sha256:91d77d2a782be4274da750752bb1650a97bfd8f291022b379bb8e01c66b4e96b",
                "sha256:91ec59c33514b7c7559a6acda53bbfe1b283949c34fe7440bcf917f96ac0723e",
                "sha256:920f0d66a896c2d99f0adbb391f990a84091179542c205fa53ce5787aff87954",
                "sha256:a5263e363c27b653a90078143adb3d076c1a748ec9ecc78ea2fb916f9b861962",
                "sha256:abb9a20a72ac4e0fdb50dae135ba5e77880518e742077ced47eb1499e29a443c",
                "sha256:c2051981a968d7de9dd2d7b87bcb9c939c74a34626a6e2f8181455dd49ed69e4",
                "sha256:c21c9e3896c23007803a875460fb786118f0cdd4434359577ea25eb556e34c55",
                "sha256:c2502a1a03b6312837279c8c1bd3ebedf6c12c4228ddbad40912d671ccc8a962",
                "sha256:d4d692a89c5cf08a8557fdeb329b82e7bf609aadfaed6c0d79f5a449a3c7c023",
                "sha256:da5db4e883f1ce37f55c667e5c0de439df76ac4cb55964655906306918e7363c",
                "sha256:e7022a66d9b55e93e1a845d8c9eba2a1bebd4966cd8bfc25d9cd07d515b33fa6",
                "sha256:ef1f279350da2c586a69d32fc8733092fd32cc8ac95139a00377841f59a3f8d8",
                "sha256:f54a64f8b0c8ff0b64d18aa76675262e1700f3995182267998c31ae974fbc382",
                "sha256:f5c7150ad32ba43a07c4479f40241756145a1f03b43480e058cfd862bf5041c7",
                "sha256:f6f824dc3bce0edab5f427efcfb1d63ee75b6fcb7282900ccaf925be84efb0fc",
                "sha256:fd8a250edc26254fe5b33be00402e6d287f562b6a5b2152dec302fa15bb3e997",
                "sha256:ffaa5c925128e29efbde7301d8ecaf35c8c60ffbcd6a1ffd3a552177c8e5e796"
            ],
            "version": "==1.15.0"
        },
        "click": {
            "hashes": [
                "sha256:353f466495adaeb40b6b5f592f9f91cb22372351c84caeb068132442a4518ef3",
                "sha256:410e932b050f5eed773c4cda94de75971c89cdb3155a72a0831139a79e5ecb5b"
            ],
            "markers": "python_version >= '3.6'",
            "version": "==8.0.3"
        },
        "cryptography": {
            "hashes": [
                "sha256:0a817b961b46894c5ca8a66b599c745b9a3d9f822725221f0e0fe49dc043a3a3",
                "sha256:2d87cdcb378d3cfed944dac30596da1968f88fb96d7fc34fdae30a99054b2e31",
                "sha256:30ee1eb3ebe1644d1c3f183d115a8c04e4e603ed6ce8e394ed39eea4a98469ac",
                "sha256:391432971a66cfaf94b21c24ab465a4cc3e8bf4a939c1ca5c3e3a6e0abebdbcf",
                "sha256:39bdf8e70eee6b1c7b289ec6e5d84d49a6bfa11f8b8646b5b3dfe41219153316",
                "sha256:4caa4b893d8fad33cf1964d3e51842cd78ba87401ab1d2e44556826df849a8ca",
                "sha256:53e5c1dc3d7a953de055d77bef2ff607ceef7a2aac0353b5d630ab67f7423638",
                "sha256:596f3cd67e1b950bc372c33f1a28a0692080625592ea6392987dba7f09f17a94",
                "sha256:5d59a9d55027a8b88fd9fd2826c4392bd487d74bf628bb9d39beecc62a644c12",
                "sha256:6c0c021f35b421ebf5976abf2daacc47e235f8b6082d3396a2fe3ccd537ab173",
                "sha256:73bc2d3f2444bcfeac67dd130ff2ea598ea5f20b40e36d19821b4df8c9c5037b",
                "sha256:74d6c7e80609c0f4c2434b97b80c7f8fdfaa072ca4baab7e239a15d6d70ed73a",
                "sha256:7be0eec337359c155df191d6ae00a5e8bbb63933883f4f5dffc439dac5348c3f",
                "sha256:94ae132f0e40fe48f310bba63f477f14a43116f05ddb69d6fa31e93f05848ae2",
                "sha256:bb5829d027ff82aa872d76158919045a7c1e91fbf241aec32cb07956e9ebd3c9",
                "sha256:ca238ceb7ba0bdf6ce88c1b74a87bffcee5afbfa1e41e173b1ceb095b39add46",
                "sha256:ca28641954f767f9822c24e927ad894d45d5a1e501767599647259cbf030b903",
                "sha256:e0344c14c9cb89e76eb6a060e67980c9e35b3f36691e15e1b7a9e58a0a6c6dc3",
                "sha256:ebc15b1c22e55c4d5566e3ca4db8689470a0ca2babef8e3a9ee057a8b82ce4b1",
                "sha256:ec63da4e7e4a5f924b90af42eddf20b698a70e58d86a72d943857c4c6045b3ee"
            ],
            "markers": "python_version >= '3.6'",
            "version": "==36.0.1"
        },
        "iniconfig": {
            "hashes": [
                "sha256:011e24c64b7f47f6ebd835bb12a743f2fbe9a26d4cecaa7f53bc4f35ee9da8b3",
                "sha256:bc3af051d7d14b2ee5ef9969666def0cd1a000e121eaea580d4a313df4b37f32"
            ],
            "version": "==1.1.1"
        },
        "packaging": {
            "hashes": [
                "sha256:dd47c42927d89ab911e606518907cc2d3a1f38bbd026385970643f9c5b8ecfeb",
                "sha256:ef103e05f519cdc783ae24ea4e2e0f508a9c99b2d4969652eed6a2e1ea5bd522"
            ],
            "markers": "python_version >= '3.6'",
            "version": "==21.3"
        },
        "paramiko": {
            "hashes": [
                "sha256:04097dbd96871691cdb34c13db1883066b8a13a0df2afd4cb0a92221f51c2603",
                "sha256:944a9e5dbdd413ab6c7951ea46b0ab40713235a9c4c5ca81cfe45c6f14fa677b"
            ],
            "version": "==2.9.2"
        },
        "pint": {
            "hashes": [
                "sha256:4b37f3c470639ea6f96b0026c3364bde30631fa737092bdaf18ad3f4f76f252f",
                "sha256:8c4bce884c269051feb7abc69dbfd18403c0c764abc83da132e8a7222f8ba801"
            ],
            "markers": "python_version >= '3.7'",
            "version": "==0.18"
        },
        "pluggy": {
            "hashes": [
                "sha256:4224373bacce55f955a878bf9cfa763c1e360858e330072059e10bad68531159",
                "sha256:74134bbf457f031a36d68416e1509f34bd5ccc019f0bcc952c7b909d06b37bd3"
            ],
            "markers": "python_version >= '3.6'",
            "version": "==1.0.0"
        },
        "py": {
            "hashes": [
                "sha256:51c75c4126074b472f746a24399ad32f6053d1b34b68d2fa41e558e6f4a98719",
                "sha256:607c53218732647dff4acdfcd50cb62615cedf612e72d1724fb1a0cc6405b378"
            ],
            "markers": "python_version >= '2.7' and python_version not in '3.0, 3.1, 3.2, 3.3, 3.4'",
            "version": "==1.11.0"
        },
        "pycparser": {
            "hashes": [
                "sha256:8ee45429555515e1f6b185e78100aea234072576aa43ab53aefcae078162fca9",
                "sha256:e644fdec12f7872f86c58ff790da456218b10f863970249516d60a5eaca77206"
            ],
            "version": "==2.21"
        },
        "pyfrc": {
            "hashes": [
                "sha256:1aae88f0a82d2875d93721127963b57823976726817dc9a1d92e7ec7ad89b9f2",
                "sha256:d7cfed6586a86eead9405132278c3c10aafd0e313f48418d6a12076d2d3f431c"
            ],
            "markers": "platform_machine != 'armv7l'",
            "version": "==2022.0.0"
        },
        "pynacl": {
            "hashes": [
                "sha256:06b8f6fa7f5de8d5d2f7573fe8c863c051225a27b61e6860fd047b1775807858",
                "sha256:0c84947a22519e013607c9be43706dd42513f9e6ae5d39d3613ca1e142fba44d",
                "sha256:20f42270d27e1b6a29f54032090b972d97f0a1b0948cc52392041ef7831fee93",
                "sha256:401002a4aaa07c9414132aaed7f6836ff98f59277a234704ff66878c2ee4a0d1",
                "sha256:52cb72a79269189d4e0dc537556f4740f7f0a9ec41c1322598799b0bdad4ef92",
                "sha256:61f642bf2378713e2c2e1de73444a3778e5f0a38be6fee0fe532fe30060282ff",
                "sha256:8ac7448f09ab85811607bdd21ec2464495ac8b7c66d146bf545b0f08fb9220ba",
                "sha256:a36d4a9dda1f19ce6e03c9a784a2921a4b726b02e1c736600ca9c22029474394",
                "sha256:a422368fc821589c228f4c49438a368831cb5bbc0eab5ebe1d7fac9dded6567b",
                "sha256:e46dae94e34b085175f8abb3b0aaa7da40767865ac82c928eeb9e57e1ea8a543"
            ],
            "markers": "python_version >= '3.6'",
            "version": "==1.5.0"
        },
        "pynetconsole": {
            "hashes": [
                "sha256:0b442dcb66905452935ec93a1a48efab9b95df2151580895bc0040196948fbb0"
            ],
            "version": "==2.0.2"
        },
        "pynetworktables": {
            "hashes": [
                "sha256:54604b1993515c43890be058263f158c1d168c69bedd802f0de644964cf3840d",
                "sha256:91167948e66c29d5c90f85f3e249403f4d2ebf11368b93f9b968ef315388c73c"
            ],
            "markers": "python_version >= '3.5'",
            "version": "==2021.0.0"
        },
        "pyntcore": {
            "hashes": [
                "sha256:19bed706c7f95869002d501932ecd54a66071776ac8723b65137185858f48743",
                "sha256:26af71c9951cef23ab38f2b85248b4396ba8628734d8dcbf6c4b683672e1003b",
                "sha256:2adb103381fca92895d308886c3d6aaac42fcfe0a2bd42c330fbe108afee7213",
                "sha256:4ade9a6ed21da3ca75e323ea2559b63a1201cb78409390f9537e2d0a0da8e008",
                "sha256:6f6391d5e5948acde79dacb7b64a6ced31959729d4977daa7e1aaa2d852fecec",
                "sha256:866825618daa516a1a5932791ae183b3e46ebefb1fb0193196fc0ab13a08e776",
                "sha256:8c2da36ce8ac7aee6a98075a5364ab420c6746739d1db5ab7d58b8fa33147dfc",
                "sha256:90b42487a37685b4ddf95138bcc33ecbd83254ce276aa28984ab6c1f8f5bc2a0",
                "sha256:933005cd7d83f1f0d819e1b5b2e3760cbf838bb5c050b09abea1222032b0be5b",
                "sha256:a15d8c423bf71068d46a36e6ad6f3ca8cf3e469abd126430a8e123343359899d",
                "sha256:bbe41070ed48443fbf3d0792d4013a6d8a8964a43d6d3f80b67f98c4dc3f1531",
                "sha256:c1684d3775a2ec9efb57882f9b26e9df72a705813d8fd835549983d8d81e2eb8",
                "sha256:c368407548ff7a0b4308a631b32287ef27a526aa5b5fd69c13642fedaf062a02",
                "sha256:d497b1ff69b1d99db45304683cf8a25bbcc8b8e57ffea3ec532c8ed2199fa3e6",
                "sha256:f21642a54360f7122762bf65bc6d818ca0c9f2fe90b14f4e2852d574805e2d43",
                "sha256:fc511d314728735349d4367e2b2212ccce942398cef8dfd7f6275ae8efaed48b"
            ],
            "markers": "python_version >= '3.6'",
            "version": "==2022.2.1.1"
        },
        "pyparsing": {
            "hashes": [
                "sha256:18ee9022775d270c55187733956460083db60b37d0d0fb357445f3094eed3eea",
                "sha256:a6c06a88f252e6c322f65faf8f418b16213b51bdfaece0524c1c1bc30c63c484"
            ],
            "markers": "python_version >= '3.6'",
            "version": "==3.0.7"
        },
        "pytest": {
            "hashes": [
                "sha256:131b36680866a76e6781d13f101efb86cf674ebb9762eb70d3082b6f29889e89",
                "sha256:7310f8d27bc79ced999e760ca304d69f6ba6c6649c0b60fb0e04a4a77cacc134"
            ],
            "markers": "python_version >= '3.6'",
            "version": "==6.2.5"
        },
        "pyyaml": {
            "hashes": [
                "sha256:0283c35a6a9fbf047493e3a0ce8d79ef5030852c51e9d911a27badfde0605293",
                "sha256:055d937d65826939cb044fc8c9b08889e8c743fdc6a32b33e2390f66013e449b",
                "sha256:07751360502caac1c067a8132d150cf3d61339af5691fe9e87803040dbc5db57",
                "sha256:0b4624f379dab24d3725ffde76559cff63d9ec94e1736b556dacdfebe5ab6d4b",
                "sha256:0ce82d761c532fe4ec3f87fc45688bdd3a4c1dc5e0b4a19814b9009a29baefd4",
                "sha256:1e4747bc279b4f613a09eb64bba2ba602d8a6664c6ce6396a4d0cd413a50ce07",
                "sha256:213c60cd50106436cc818accf5baa1aba61c0189ff610f64f4a3e8c6726218ba",
                "sha256:231710d57adfd809ef5d34183b8ed1eeae3f76459c18fb4a0b373ad56bedcdd9",
                "sha256:277a0ef2981ca40581a47093e9e2d13b3f1fbbeffae064c1d21bfceba2030287",
                "sha256:2cd5df3de48857ed0544b34e2d40e9fac445930039f3cfe4bcc592a1f836d513",
                "sha256:40527857252b61eacd1d9af500c3337ba8deb8fc298940291486c465c8b46ec0",
                "sha256:473f9edb243cb1935ab5a084eb238d842fb8f404ed2193a915d1784b5a6b5fc0",
                "sha256:48c346915c114f5fdb3ead70312bd042a953a8ce5c7106d5bfb1a5254e47da92",
                "sha256:50602afada6d6cbfad699b0c7bb50d5ccffa7e46a3d738092afddc1f9758427f",
                "sha256:68fb519c14306fec9720a2a5b45bc9f0c8d1b9c72adf45c37baedfcd949c35a2",
                "sha256:77f396e6ef4c73fdc33a9157446466f1cff553d979bd00ecb64385760c6babdc",
                "sha256:819b3830a1543db06c4d4b865e70ded25be52a2e0631ccd2f6a47a2822f2fd7c",
                "sha256:897b80890765f037df3403d22bab41627ca8811ae55e9a722fd0392850ec4d86",
                "sha256:98c4d36e99714e55cfbaaee6dd5badbc9a1ec339ebfc3b1f52e293aee6bb71a4",
                "sha256:9df7ed3b3d2e0ecfe09e14741b857df43adb5a3ddadc919a2d94fbdf78fea53c",
                "sha256:9fa600030013c4de8165339db93d182b9431076eb98eb40ee068700c9c813e34",
                "sha256:a80a78046a72361de73f8f395f1f1e49f956c6be882eed58505a15f3e430962b",
                "sha256:b3d267842bf12586ba6c734f89d1f5b871df0273157918b0ccefa29deb05c21c",
                "sha256:b5b9eccad747aabaaffbc6064800670f0c297e52c12754eb1d976c57e4f74dcb",
                "sha256:c5687b8d43cf58545ade1fe3e055f70eac7a5a1a0bf42824308d868289a95737",
                "sha256:cba8c411ef271aa037d7357a2bc8f9ee8b58b9965831d9e51baf703280dc73d3",
                "sha256:d15a181d1ecd0d4270dc32edb46f7cb7733c7c508857278d3d378d14d606db2d",
                "sha256:d4db7c7aef085872ef65a8fd7d6d09a14ae91f691dec3e87ee5ee0539d516f53",
                "sha256:d4eccecf9adf6fbcc6861a38015c2a64f38b9d94838ac1810a9023a0609e1b78",
                "sha256:d67d839ede4ed1b28a4e8909735fc992a923cdb84e618544973d7dfc71540803",
                "sha256:daf496c58a8c52083df09b80c860005194014c3698698d1a57cbcfa182142a3a",
                "sha256:e61ceaab6f49fb8bdfaa0f92c4b57bcfbea54c09277b1b4f7ac376bfb7a7c174",
                "sha256:f84fbc98b019fef2ee9a1cb3ce93e3187a6df0b2538a651bfb890254ba9f90b5"
            ],
            "index": "pypi",
            "version": "==6.0"
        },
        "robotpy": {
            "extras": [
                "rev"
            ],
            "hashes": [
                "sha256:19ea783ede5c8e080546fc2d47e633c361dcac3a55cabc7386b2b46be94319b1",
                "sha256:74952954d6cfcb9dccc39428533c4440d21cd9e2e9ae332046a887111ad8825e"
            ],
            "index": "pypi",
            "version": "==2022.0.32"
        },
        "robotpy-hal": {
            "hashes": [
                "sha256:29ec80e6d31348bad981c678ace34cedd9e78245fedd29cef707ad346d6c1f9c",
                "sha256:3845a3087e571d0cafc25a54846896fd917e22757705022b151eba417e50d25e",
                "sha256:451e6dbcf3a1558ce4d9da234d3b076716f799a2d8e30fc422dd8a54f67010ce",
                "sha256:473881e592a3b798d472c1ec41d6107c584dea8c826c4f1d480317aca9de259e",
                "sha256:4754c56c57bd129e8a1617787e0c2c75714da3a13d1ba8804275861eb6c6e488",
                "sha256:51ac668b7c080112a839264bf8dd4593fe80663fdd29777feba0ac8d55a8443c",
                "sha256:5d533b03e753c2bb43f7833b4b415407f75d4cf73a6976e69930fd349b5c00fc",
                "sha256:86f2aae1ffc231e3339452d12129d53da9b2c567d8e760221c109dca70347f26",
                "sha256:88638336186dfb4b5a32b2a083584cc67575b759c027eadc333f08c48a026782",
                "sha256:958485d37399fa99eef8cf9bd72d483dc7c3267fae83889f939b9d3f98cfead8",
                "sha256:9c9a036eb5f3c7e21c8601f446ad32673f5abca2cd27b078f21680725a1dfbe4",
                "sha256:a583e8c9e5265a6e33e30b2d25bffc0fc193aa60d2d6766950afe6c9150fd697",
                "sha256:a7f4cf124f42e8186b1c89142d445fd7a70429d4b62e606ea626c27e2f93e767",
                "sha256:d7c79919e884f2d3743bbe58a5afa4f39bc21d7d5a458c211e9cab14f8a4062a",
                "sha256:e5cfaf510f553f696a26005b24146ae933c21123788de981f4633035b7adf30a",
                "sha256:f000926a63e9532c117ca5887f894f2775b85655390b7f876d6ab053be2d8536"
            ],
            "markers": "python_version >= '3.6'",
            "version": "==2022.2.1.1"
        },
        "robotpy-halsim-gui": {
            "hashes": [
                "sha256:017b5ec92398424c155423203cc56152b3289916250bb99f8d48462b0f599c5c",
                "sha256:06c184b3a97a64c3c6ced72ff402bb14f68273fc651d4224076fa0a06940a4c7",
                "sha256:103c34909fc0a0d94181a455fef8d8bfbdb103d54647974e42829b6d85331bd2",
                "sha256:22c16736fcbf77d9edb7d2c5ba3df407f46f6e169838310d94616527e5ad1c48",
                "sha256:2ff995559341f28292a5c031ea56c25d6359ef3b4e4c1075c3177b11557e35bd",
                "sha256:35f0bab5c9a3ddd76fee4ed9b9d2ee3c5fd85c1cfa8908b992ac87f20fb0f165",
                "sha256:4015a4e0cda6bb2e13d6b5370b65f600bd08711f2dee8a291e26bcdabd4f2f51",
                "sha256:49af93fb80db49a29c7bf48a0d0cfa568397e5a137d3bc8682688b960bd9e312",
                "sha256:55fd5baa4cdded4230cc02896e0c138a43ca22006e9592727162f63b0c25e5ff",
                "sha256:729415089745399f043be085af61f2b79bdfcac62e6e94fe379eb4e3fc11ebdb",
                "sha256:b4a38f093dd3e5c1baef14d56b08ad65f79246f009460fc4f3d978e1b71cb2e9",
                "sha256:d0974232b7ceb83ea2951e497cd89cb589830234716a99f85fc91aed57f225c9",
                "sha256:d74a71afc55791adeb66f74ee53cc1ae07c50f56ece1496b3bd4252477a79a1b",
                "sha256:ece4a1ce1f2853e5dbc06328dbc91b41e95c8da1c6d2873e79f721d5f7605c9c",
                "sha256:f0e312a89f7fd8a112011f1983c55c8c08ee591c9d89e6d9bb4a4896317e9efd",
                "sha256:f3ceb8c9142fb4eb02dbf066b9426f75fdfae88153cefbdb346da444b6810704"
            ],
            "markers": "platform_machine != 'armv7l'",
            "version": "==2022.2.1.0"
        },
        "robotpy-installer": {
            "hashes": [
                "sha256:4f126a85712637a83c301f9a8bcdf81c07d82900bd8551bf613f1e46a28e7cae",
                "sha256:f23164d33412d40856c946788897fa3e769ce46a671c777fa579ac97ebea7e4e"
            ],
            "markers": "platform_machine != 'armv7l'",
            "version": "==2022.0.2"
        },
        "robotpy-rev": {
            "hashes": [
                "sha256:33ee8b58522ec9cc2ef26bf658b6c4d8fd10c8b330a5510e255f2dca4380f748",
                "sha256:38f2f290cf77edac4084b784150c63acaa545c32460392565bc9cee2cedbd0c3",
                "sha256:44b104f0bf2c0db9bfcb7c4e0c7dfd017236b9cd083bc83c880d6a7c5b5f3331",
                "sha256:4895665d7f6c8e5704286418f590a2f2c12f18dab5e7125be5fdd2d146b7c7be",
                "sha256:529a0895d6bbaa6dfc39c9004ccc993f6b2a6643d026a9c13e84e4d6195b6135",
                "sha256:77cab66727e331f436bc2fa38430c4a857a4eb32330ccbdf469576579ef66049",
                "sha256:8c7a2205c2ec74fdbbd3725176634e40d30d2505e325f2a0ff69f280a820600c",
                "sha256:8e0f0a506b76b49f5e66616b9897ed53d330eb8d73810fb8e11795e1b4608073",
                "sha256:a9c562c6940bc8ee18dc3159d90a9381002f926b3e363d5a88c9b28a602c3c6a",
                "sha256:b3fadf60832385c1f4afff97027b248c871774592802dea315a5cb836d3caae5",
                "sha256:e1fa0e319ad5838dc1a0146e122fe99a2f4b7392cc7c5413c62f24d8eace93cf",
                "sha256:e8e182129b1f9eeb70da3206176d5dc93d6a899c200208a45c794e3c48f0fbc2",
                "sha256:f3cd115ebce6d28f949f91789109c9b697f5eba77b668df38e87162bfe0adc0f",
                "sha256:f5bdfa220c926d506fc8bccb1723a274b4e0cb50fd01be4e22b60182e958d919",
                "sha256:fabc77a75e51d71fdff19b0adbbcc52a6177ccace2b2acf1100ea25ef995918e",
                "sha256:fec101c8a66f278925010a046f75379d2a37d0e6ba681b1ceff493591efbf91b"
            ],
            "version": "==2022.0.1"
        },
        "robotpy-wpilib-utilities": {
            "hashes": [
                "sha256:234ce31b7b73a14c52e4458499fd6f3f34c8990cd6b051d92e596176e18aa09d",
                "sha256:ba571ef35dbd6c85471d966d5185a6ab56159ca2199d330161af5eb749634622"
            ],
            "markers": "python_version >= '3.6'",
            "version": "==2022.0.1"
        },
        "robotpy-wpimath": {
            "hashes": [
                "sha256:179024d59e0f15013544939cab219adf6b40f14981bf3dbe7a03afc72e0978b1",
                "sha256:1b9acca01fb54c3918647db6b571eb9dc02f5a69dde37861470fa8f8f1d46f3c",
                "sha256:20b1b43867cb448192cc78043a7844346f2aeb980b2f5c89d53069e279d0298b",
                "sha256:3abacb2824631b31fd146feac486c29f42f94245ca1406bc207ed991cf098b61",
                "sha256:85f47db09158bcffa7e8661bfff72c793e3a37f3ca5ed549cf343003ce7939e0",
                "sha256:91fcdb081fe07ae27d0c0ad48ce8de5d5ae39a7f46ff34d48302f1c5ef176f48",
                "sha256:996ef73bcd577efe4aae1ad472b8f7bb74b538c67559f22bed280432cf5dd1fd",
                "sha256:a9a9a37a9e9d583f59b61fd2c9c2a7c5cadd251c32a6cb5164e8713f9ce67235",
                "sha256:c077010392ef5275b04d8d61b00bcd9e640a6325672f7a12832baaffd447cb57",
                "sha256:c41960a6179c92797adb0e2cd3711a052f932f78d4620138a85a9aeebdb4aeed",
                "sha256:ca4884e16af7c32419296b8f70eb0c7a790a79a0eb133c4b050e3ca4b0f34fca",
                "sha256:dbdc3730c13da5af45407a78b1e14f24e6c615b7508882d62f2980adf938b197",
                "sha256:dcc35105ec0714fbad518daf6ecd6df9648e73a448c796395593ac871f69459e",
                "sha256:dd2f682d2ab419204a19603711002a12855085cff1f217f5cbae99b171c07bfd",
                "sha256:f955aa757221f1346ce89cb30070825058fc533c3cf27c1c7273501d38aac0e0",
                "sha256:fecc0420e8ed106f7f9b41f437ca8de4e34fccfa9e5f61291cbded062205353f"
            ],
            "markers": "python_version >= '3.6'",
            "version": "==2022.2.1.4"
        },
        "robotpy-wpiutil": {
            "hashes": [
                "sha256:069c9961e31096664fe94b6cf06ea411e3603b60ad928c579a333e285ea4224c",
                "sha256:09522990a8dff31b58e94a80f58cfa1ff9d08666a3ad78e94bd5f83fbfa950c5",
                "sha256:2330182dc02522aefb99187fa9f32bfd1f4ba400e2b13a07bb815df778e3dda5",
                "sha256:33a059e4aff5df26a0d2398503a37d79f7c3351c47c27f992e0a86513d555277",
                "sha256:34bb224350d2877ddbb276c6476473bc1b0b5e31230b278cf402f233fdc2b70e",
                "sha256:43be786d63acc3b48a9343915e3a0bded7c7783f3a4089628f79dc03af3f4054",
                "sha256:4e3c5b122d7f378b4e7d2ce4da884bd284908d9eb04dee643dc4850d28afc1ff",
                "sha256:607b6f20150b1ca10e79d2a40a645a1a891506bf949ac4f498848ba5272167e5",
                "sha256:7fd8405eb2f508f5ef1445f8fb6b965a5eb16a127ebeda4860ad7b78b04efd4c",
                "sha256:87ee0d13ecd0f4bcd0ffe8df3b2c2c3ee1cc1a934a841f4be55786e84fe34605",
                "sha256:93dbec3dd43d87f6a9140987d3e1b2d848056c5843d2560ea942bb7ae0356a3a",
                "sha256:a2c6ea7fe74132d90283f4c1ebfd704464d0b7b0f4a350b24918519352225900",
                "sha256:aae54411b219a0ca05cba3f69e29b31f26a09b604730a5bb85e04390c4162e05",
                "sha256:c124efe0da65e5eeed2b3bb316465ab8151655431242b27ab03fbda91a22de09",
                "sha256:c1f39cee6c9b48f08e793e66664512f07a0f56800a97ef23da3355e02b90c8ea",
                "sha256:f7686a234e9e557eb5164298e861faeabc573a7b1119683af8cd2defb6efb629"
            ],
            "markers": "python_version >= '3.6'",
            "version": "==2022.2.1.1"
        },
        "six": {
            "hashes": [
                "sha256:1e61c37477a1626458e36f7b1d82aa5c9b094fa4802892072e49de9c60c4c926",
                "sha256:8abb2f1d86890a2dfb989f9a77cfcfd3e47c2a354b01111771326f8aa26e0254"
            ],
            "markers": "python_version >= '2.7' and python_version not in '3.0, 3.1, 3.2, 3.3'",
            "version": "==1.16.0"
        },
        "toml": {
            "hashes": [
                "sha256:806143ae5bfb6a3c6e736a764057db0e6a0e05e338b5630894a5f779cabb4f9b",
                "sha256:b3bda1d108d5dd99f4a20d24d9c348e91c4db7ab1b749200bded2f839ccbe68f"
            ],
            "markers": "python_version >= '2.6' and python_version not in '3.0, 3.1, 3.2, 3.3'",
            "version": "==0.10.2"
        },
        "wpilib": {
            "extras": [
                "all"
            ],
            "hashes": [
                "sha256:2383d91fe74ef38f2331b98592ee116574c0aa7d045736ddcf7fc0462255de11",
                "sha256:2ea14d1565238638140ea82b26ffecb9f79d7743f5c2464d7b1a91f9540ae00f",
                "sha256:426e8cf60e969b989449f4e1119a30c330757af2310a2589ceee5a7f15e41ee8",
                "sha256:47f4eb775d367b9bd296d6dd13a7dca92ce962d3459bec1861b3d60edceef461",
                "sha256:573e7133112e313f3b2feed2901fca9ecf2a558fa447e6c8e1780853144a16c0",
                "sha256:6d816e5449ed0a86943dec95c7f66e1ea8a5656ea2f4ddf07d7ccacc087be3fc",
                "sha256:72871b0acf3b20ff58f37a88f047623de7faf4ed1d5da9db6bf47cee4140213b",
                "sha256:83ea292d9e67bd4e2e288302159f347949f375f5c70c6ec4eda634353a52b3a0",
                "sha256:8e1afce9477ebec8ba87fed171b4f78b25515bb4d05d1b1328a03092758d7619",
                "sha256:994695107bf9c08e5443a3691324773bdf86b998a2200db831e5af5bc76abf74",
                "sha256:a6ac6b69abbf2b9a57172bfcbe081dd80cc34d97f546e4c230f3f16db7df8ff1",
                "sha256:c18ba2c1e333cbc611d86efb3acdefc4a7bebce07480789baf59c7bf98947eba",
                "sha256:cb0d1f5cfa9ef149f5e367a76e7910e5124514f17fed21f01964b5ea6c410d91",
                "sha256:d1b063ba885af20ef51e97c731fb15ab9d0e3478c6eb9f1c81c7ce5535d2d1b6",
                "sha256:ee67497f8830b95baf024af543d0088d499b2b8e9b7cfd0e841b066d7905dddb",
                "sha256:f855c75f6943d816da622958f2471915cbb453e13d5468945c742c13ba1d323c"
            ],
            "index": "pypi",
            "version": "==2022.2.1.5"
        }
    },
    "develop": {}
}
