{
    "_meta": {
        "hash": {
            "sha256": "77ec72ebbdf1fab317db7affabc5fc2e03e01ef77e4a98a75144b445dc8d7d82"
        },
        "pipfile-spec": 6,
        "requires": {},
        "sources": [
            {
                "name": "pypi",
                "url": "https://pypi.org/simple",
                "verify_ssl": true
            }
        ]
    },
    "default": {
        "attrs": {
            "hashes": [
                "sha256:2d27e3784d7a565d36ab851fe94887c5eccd6a463168875832a1be79c82828b4",
                "sha256:626ba8234211db98e869df76230a137c4c40a12d72445c45d5f5b716f076e2fd"
            ],
            "markers": "python_version >= '2.7' and python_version not in '3.0, 3.1, 3.2, 3.3, 3.4'",
            "version": "==21.4.0"
        },
        "bcrypt": {
            "hashes": [
                "sha256:56e5da069a76470679f312a7d3d23deb3ac4519991a0361abc11da837087b61d",
                "sha256:5b93c1726e50a93a033c36e5ca7fdcd29a5c7395af50a6892f5d9e7c6cfbfb29",
                "sha256:63d4e3ff96188e5898779b6057878fecf3f11cfe6ec3b313ea09955d587ec7a7",
                "sha256:81fec756feff5b6818ea7ab031205e1d323d8943d237303baca2c5f9c7846f34",
                "sha256:a0584a92329210fcd75eb8a3250c5a941633f8bfaf2a18f81009b097732839b7",
                "sha256:a67fb841b35c28a59cebed05fbd3e80eea26e6d75851f0574a9273c80f3e9b55",
                "sha256:b589229207630484aefe5899122fb938a5b017b0f4349f769b8c13e78d99a8fd",
                "sha256:c95d4cbebffafcdd28bd28bb4e25b31c50f6da605c81ffd9ad8a3d1b2ab7b1b6",
                "sha256:cd1ea2ff3038509ea95f687256c46b79f5fc382ad0aa3664d200047546d511d1",
                "sha256:cdcdcb3972027f83fe24a48b1e90ea4b584d35f1cc279d76de6fc4b13376239d"
            ],
            "markers": "python_version >= '3.6'",
            "version": "==3.2.0"
        },
        "cffi": {
            "hashes": [
                "sha256:00c878c90cb53ccfaae6b8bc18ad05d2036553e6d9d1d9dbcf323bbe83854ca3",
                "sha256:0104fb5ae2391d46a4cb082abdd5c69ea4eab79d8d44eaaf79f1b1fd806ee4c2",
                "sha256:06c48159c1abed75c2e721b1715c379fa3200c7784271b3c46df01383b593636",
                "sha256:0808014eb713677ec1292301ea4c81ad277b6cdf2fdd90fd540af98c0b101d20",
                "sha256:10dffb601ccfb65262a27233ac273d552ddc4d8ae1bf93b21c94b8511bffe728",
                "sha256:14cd121ea63ecdae71efa69c15c5543a4b5fbcd0bbe2aad864baca0063cecf27",
                "sha256:17771976e82e9f94976180f76468546834d22a7cc404b17c22df2a2c81db0c66",
                "sha256:181dee03b1170ff1969489acf1c26533710231c58f95534e3edac87fff06c443",
                "sha256:23cfe892bd5dd8941608f93348c0737e369e51c100d03718f108bf1add7bd6d0",
                "sha256:263cc3d821c4ab2213cbe8cd8b355a7f72a8324577dc865ef98487c1aeee2bc7",
                "sha256:2756c88cbb94231c7a147402476be2c4df2f6078099a6f4a480d239a8817ae39",
                "sha256:27c219baf94952ae9d50ec19651a687b826792055353d07648a5695413e0c605",
                "sha256:2a23af14f408d53d5e6cd4e3d9a24ff9e05906ad574822a10563efcef137979a",
                "sha256:31fb708d9d7c3f49a60f04cf5b119aeefe5644daba1cd2a0fe389b674fd1de37",
                "sha256:3415c89f9204ee60cd09b235810be700e993e343a408693e80ce7f6a40108029",
                "sha256:3773c4d81e6e818df2efbc7dd77325ca0dcb688116050fb2b3011218eda36139",
                "sha256:3b96a311ac60a3f6be21d2572e46ce67f09abcf4d09344c49274eb9e0bf345fc",
                "sha256:3f7d084648d77af029acb79a0ff49a0ad7e9d09057a9bf46596dac9514dc07df",
                "sha256:41d45de54cd277a7878919867c0f08b0cf817605e4eb94093e7516505d3c8d14",
                "sha256:4238e6dab5d6a8ba812de994bbb0a79bddbdf80994e4ce802b6f6f3142fcc880",
                "sha256:45db3a33139e9c8f7c09234b5784a5e33d31fd6907800b316decad50af323ff2",
                "sha256:45e8636704eacc432a206ac7345a5d3d2c62d95a507ec70d62f23cd91770482a",
                "sha256:4958391dbd6249d7ad855b9ca88fae690783a6be9e86df65865058ed81fc860e",
                "sha256:4a306fa632e8f0928956a41fa8e1d6243c71e7eb59ffbd165fc0b41e316b2474",
                "sha256:57e9ac9ccc3101fac9d6014fba037473e4358ef4e89f8e181f8951a2c0162024",
                "sha256:59888172256cac5629e60e72e86598027aca6bf01fa2465bdb676d37636573e8",
                "sha256:5e069f72d497312b24fcc02073d70cb989045d1c91cbd53979366077959933e0",
                "sha256:64d4ec9f448dfe041705426000cc13e34e6e5bb13736e9fd62e34a0b0c41566e",
                "sha256:6dc2737a3674b3e344847c8686cf29e500584ccad76204efea14f451d4cc669a",
                "sha256:74fdfdbfdc48d3f47148976f49fab3251e550a8720bebc99bf1483f5bfb5db3e",
                "sha256:75e4024375654472cc27e91cbe9eaa08567f7fbdf822638be2814ce059f58032",
                "sha256:786902fb9ba7433aae840e0ed609f45c7bcd4e225ebb9c753aa39725bb3e6ad6",
                "sha256:8b6c2ea03845c9f501ed1313e78de148cd3f6cad741a75d43a29b43da27f2e1e",
                "sha256:91d77d2a782be4274da750752bb1650a97bfd8f291022b379bb8e01c66b4e96b",
                "sha256:91ec59c33514b7c7559a6acda53bbfe1b283949c34fe7440bcf917f96ac0723e",
                "sha256:920f0d66a896c2d99f0adbb391f990a84091179542c205fa53ce5787aff87954",
                "sha256:a5263e363c27b653a90078143adb3d076c1a748ec9ecc78ea2fb916f9b861962",
                "sha256:abb9a20a72ac4e0fdb50dae135ba5e77880518e742077ced47eb1499e29a443c",
                "sha256:c2051981a968d7de9dd2d7b87bcb9c939c74a34626a6e2f8181455dd49ed69e4",
                "sha256:c21c9e3896c23007803a875460fb786118f0cdd4434359577ea25eb556e34c55",
                "sha256:c2502a1a03b6312837279c8c1bd3ebedf6c12c4228ddbad40912d671ccc8a962",
                "sha256:d4d692a89c5cf08a8557fdeb329b82e7bf609aadfaed6c0d79f5a449a3c7c023",
                "sha256:da5db4e883f1ce37f55c667e5c0de439df76ac4cb55964655906306918e7363c",
                "sha256:e7022a66d9b55e93e1a845d8c9eba2a1bebd4966cd8bfc25d9cd07d515b33fa6",
                "sha256:ef1f279350da2c586a69d32fc8733092fd32cc8ac95139a00377841f59a3f8d8",
                "sha256:f54a64f8b0c8ff0b64d18aa76675262e1700f3995182267998c31ae974fbc382",
                "sha256:f5c7150ad32ba43a07c4479f40241756145a1f03b43480e058cfd862bf5041c7",
                "sha256:f6f824dc3bce0edab5f427efcfb1d63ee75b6fcb7282900ccaf925be84efb0fc",
                "sha256:fd8a250edc26254fe5b33be00402e6d287f562b6a5b2152dec302fa15bb3e997",
                "sha256:ffaa5c925128e29efbde7301d8ecaf35c8c60ffbcd6a1ffd3a552177c8e5e796"
            ],
            "version": "==1.15.0"
        },
        "click": {
            "hashes": [
                "sha256:353f466495adaeb40b6b5f592f9f91cb22372351c84caeb068132442a4518ef3",
                "sha256:410e932b050f5eed773c4cda94de75971c89cdb3155a72a0831139a79e5ecb5b"
            ],
            "markers": "python_version >= '3.6'",
            "version": "==8.0.3"
        },
        "cryptography": {
            "hashes": [
                "sha256:0a817b961b46894c5ca8a66b599c745b9a3d9f822725221f0e0fe49dc043a3a3",
                "sha256:2d87cdcb378d3cfed944dac30596da1968f88fb96d7fc34fdae30a99054b2e31",
                "sha256:30ee1eb3ebe1644d1c3f183d115a8c04e4e603ed6ce8e394ed39eea4a98469ac",
                "sha256:391432971a66cfaf94b21c24ab465a4cc3e8bf4a939c1ca5c3e3a6e0abebdbcf",
                "sha256:39bdf8e70eee6b1c7b289ec6e5d84d49a6bfa11f8b8646b5b3dfe41219153316",
                "sha256:4caa4b893d8fad33cf1964d3e51842cd78ba87401ab1d2e44556826df849a8ca",
                "sha256:53e5c1dc3d7a953de055d77bef2ff607ceef7a2aac0353b5d630ab67f7423638",
                "sha256:596f3cd67e1b950bc372c33f1a28a0692080625592ea6392987dba7f09f17a94",
                "sha256:5d59a9d55027a8b88fd9fd2826c4392bd487d74bf628bb9d39beecc62a644c12",
                "sha256:6c0c021f35b421ebf5976abf2daacc47e235f8b6082d3396a2fe3ccd537ab173",
                "sha256:73bc2d3f2444bcfeac67dd130ff2ea598ea5f20b40e36d19821b4df8c9c5037b",
                "sha256:74d6c7e80609c0f4c2434b97b80c7f8fdfaa072ca4baab7e239a15d6d70ed73a",
                "sha256:7be0eec337359c155df191d6ae00a5e8bbb63933883f4f5dffc439dac5348c3f",
                "sha256:94ae132f0e40fe48f310bba63f477f14a43116f05ddb69d6fa31e93f05848ae2",
                "sha256:bb5829d027ff82aa872d76158919045a7c1e91fbf241aec32cb07956e9ebd3c9",
                "sha256:ca238ceb7ba0bdf6ce88c1b74a87bffcee5afbfa1e41e173b1ceb095b39add46",
                "sha256:ca28641954f767f9822c24e927ad894d45d5a1e501767599647259cbf030b903",
                "sha256:e0344c14c9cb89e76eb6a060e67980c9e35b3f36691e15e1b7a9e58a0a6c6dc3",
                "sha256:ebc15b1c22e55c4d5566e3ca4db8689470a0ca2babef8e3a9ee057a8b82ce4b1",
                "sha256:ec63da4e7e4a5f924b90af42eddf20b698a70e58d86a72d943857c4c6045b3ee"
            ],
            "markers": "python_version >= '3.6'",
            "version": "==36.0.1"
        },
        "iniconfig": {
            "hashes": [
                "sha256:011e24c64b7f47f6ebd835bb12a743f2fbe9a26d4cecaa7f53bc4f35ee9da8b3",
                "sha256:bc3af051d7d14b2ee5ef9969666def0cd1a000e121eaea580d4a313df4b37f32"
            ],
            "version": "==1.1.1"
        },
        "packaging": {
            "hashes": [
                "sha256:dd47c42927d89ab911e606518907cc2d3a1f38bbd026385970643f9c5b8ecfeb",
                "sha256:ef103e05f519cdc783ae24ea4e2e0f508a9c99b2d4969652eed6a2e1ea5bd522"
            ],
            "markers": "python_version >= '3.6'",
            "version": "==21.3"
        },
        "paramiko": {
            "hashes": [
                "sha256:04097dbd96871691cdb34c13db1883066b8a13a0df2afd4cb0a92221f51c2603",
                "sha256:944a9e5dbdd413ab6c7951ea46b0ab40713235a9c4c5ca81cfe45c6f14fa677b"
            ],
            "version": "==2.9.2"
        },
        "pint": {
            "hashes": [
                "sha256:4b37f3c470639ea6f96b0026c3364bde30631fa737092bdaf18ad3f4f76f252f",
                "sha256:8c4bce884c269051feb7abc69dbfd18403c0c764abc83da132e8a7222f8ba801"
            ],
            "markers": "python_version >= '3.7'",
            "version": "==0.18"
        },
        "pluggy": {
            "hashes": [
                "sha256:4224373bacce55f955a878bf9cfa763c1e360858e330072059e10bad68531159",
                "sha256:74134bbf457f031a36d68416e1509f34bd5ccc019f0bcc952c7b909d06b37bd3"
            ],
            "markers": "python_version >= '3.6'",
            "version": "==1.0.0"
        },
        "py": {
            "hashes": [
                "sha256:51c75c4126074b472f746a24399ad32f6053d1b34b68d2fa41e558e6f4a98719",
                "sha256:607c53218732647dff4acdfcd50cb62615cedf612e72d1724fb1a0cc6405b378"
            ],
            "markers": "python_version >= '2.7' and python_version not in '3.0, 3.1, 3.2, 3.3, 3.4'",
            "version": "==1.11.0"
        },
        "pycparser": {
            "hashes": [
                "sha256:8ee45429555515e1f6b185e78100aea234072576aa43ab53aefcae078162fca9",
                "sha256:e644fdec12f7872f86c58ff790da456218b10f863970249516d60a5eaca77206"
            ],
            "version": "==2.21"
        },
        "pyfrc": {
            "hashes": [
                "sha256:410156d2c31e69dd67ea30f264766085089c6bf5dc30d417b90cd36e111da8d5",
                "sha256:88ae4eb5bc912372c45f3974a8255b6f906a8f12827c2700c455e9a4119b94bc"
            ],
            "markers": "platform_machine != 'armv7l'",
            "version": "==2021.1.2"
        },
        "pynacl": {
            "hashes": [
                "sha256:06b8f6fa7f5de8d5d2f7573fe8c863c051225a27b61e6860fd047b1775807858",
                "sha256:0c84947a22519e013607c9be43706dd42513f9e6ae5d39d3613ca1e142fba44d",
                "sha256:20f42270d27e1b6a29f54032090b972d97f0a1b0948cc52392041ef7831fee93",
                "sha256:401002a4aaa07c9414132aaed7f6836ff98f59277a234704ff66878c2ee4a0d1",
                "sha256:52cb72a79269189d4e0dc537556f4740f7f0a9ec41c1322598799b0bdad4ef92",
                "sha256:61f642bf2378713e2c2e1de73444a3778e5f0a38be6fee0fe532fe30060282ff",
                "sha256:8ac7448f09ab85811607bdd21ec2464495ac8b7c66d146bf545b0f08fb9220ba",
                "sha256:a36d4a9dda1f19ce6e03c9a784a2921a4b726b02e1c736600ca9c22029474394",
                "sha256:a422368fc821589c228f4c49438a368831cb5bbc0eab5ebe1d7fac9dded6567b",
                "sha256:e46dae94e34b085175f8abb3b0aaa7da40767865ac82c928eeb9e57e1ea8a543"
            ],
            "markers": "python_version >= '3.6'",
            "version": "==1.5.0"
        },
        "pynetconsole": {
            "hashes": [
                "sha256:0b442dcb66905452935ec93a1a48efab9b95df2151580895bc0040196948fbb0"
            ],
            "version": "==2.0.2"
        },
        "pynetworktables": {
            "hashes": [
                "sha256:54604b1993515c43890be058263f158c1d168c69bedd802f0de644964cf3840d",
                "sha256:91167948e66c29d5c90f85f3e249403f4d2ebf11368b93f9b968ef315388c73c"
            ],
            "markers": "python_version >= '3.5'",
            "version": "==2021.0.0"
        },
        "pyntcore": {
            "hashes": [
                "sha256:00826085426e06b23140317ba8127cc9fb8d6f7a433855fc6479490b335d6ce7",
                "sha256:17cb3c1294e51a08844cad08ddbd555c2901867a921ea8b65c2ed86bd1832244",
                "sha256:1a21af856025ecd0ee6019053bfdb5f2d9c45f0a3a9dd28c3a8bafc164f84587",
                "sha256:1f803418f12fd69582d5bcff7aa813d4b0265e8ee290d80b58459809e23f6a50",
                "sha256:2d0049911bfd92cc3d9f9ae2bd0911391c49f1fe64afe057f575fb534427a2af",
                "sha256:3ab56ade94f80a60724f058df363a867c7ef02e26d0d16492f94528ad23a14ae",
                "sha256:5594ab6e91a014613631ef8e4c190fd2e246b43097082d0bdf94ca256a3d6dc5",
                "sha256:55e68d0e576ee896c8706553e132a1f9fd2fac2ab31cda4c82c24b0e9735ebda",
                "sha256:6906733aebe6aca95afc9175030772d32f11b82f6f1b4951e0db4fbd9f34362d",
                "sha256:6a26d8b2e2e9fe72d996ce4c52358810989ac66470ef788fd8213dc76b844030",
                "sha256:6e65062fe2363e4cbcd3c2e049dc4d5ec23ddbb8fccb2f6b23534f34b964697f",
                "sha256:8deed3b95b41d4aa3433b3bf8c0b6467a9bfe10b1e5f92c5610ddf3c7f9e2be5",
                "sha256:a02feef460e26e9d7b553456891a1e4e9ed5d01f1e7b4c66c884e0a04a49a7a3",
                "sha256:a93eb5be2417d5a8c6c28eb6f843bf7893b173d1a7af721aea4239e6437ed633",
                "sha256:bd57edbbb598c5eee62b1d2cc3cf555051bb0022b4b1995c10c13a070afd4906",
                "sha256:e53a129eefd5937fc8f012662b56ee002a0cfa47c54a711cf8ec0ee17d397c94",
                "sha256:e6da7f1fb710c328affc187b5f7ff67e2f4bd74203bf952c7888cf69d865f599"
            ],
            "markers": "python_version >= '3.6'",
            "version": "==2021.3.1.0"
        },
        "pyparsing": {
            "hashes": [
                "sha256:04ff808a5b90911829c55c4e26f75fa5ca8a2f5f36aa3a51f68e27033341d3e4",
                "sha256:d9bdec0013ef1eb5a84ab39a3b3868911598afa494f5faa038647101504e2b81"
            ],
            "markers": "python_version >= '3.6'",
            "version": "==3.0.6"
        },
        "pytest": {
            "hashes": [
                "sha256:131b36680866a76e6781d13f101efb86cf674ebb9762eb70d3082b6f29889e89",
                "sha256:7310f8d27bc79ced999e760ca304d69f6ba6c6649c0b60fb0e04a4a77cacc134"
            ],
            "markers": "python_version >= '3.6'",
            "version": "==6.2.5"
        },
        "robotpy": {
            "extras": [
                "rev"
            ],
            "hashes": [
                "sha256:dd805372d3f49d42eb6e11a2496f0e9f9a79a9edb3d2c5c700714e87df0aa3af",
                "sha256:f9db809a6278546b10fbdbbfab769eade6c7801ab1c90825030ba7151caaf972"
            ],
            "index": "pypi",
            "version": "==2021.2.9"
        },
        "robotpy-hal": {
            "hashes": [
                "sha256:12b70d4d83c60bab687613433ac343b50e624efe9d6adffa335139bf8a23d0a7",
                "sha256:18be10bd55af6fd6bacc3e968e6ee02717d745f379cd9dfbb92f7981b492bc87",
                "sha256:2178e955b0c501e52cc2c5a653cf76305b07a0b713543d4ee86cd61103e46e65",
                "sha256:262953e578ad089dafba830ecd13b7ff9174ee2581cd6540b08e6606d0311892",
                "sha256:3cdafc2f6ac3f4dfb103ac82c543346e77718a2a9cab663a2dc33a04413704a5",
                "sha256:41449b43ada7d2e2892d1914beb52e88d30c9424491adab7a87709f2b5f9f51b",
                "sha256:6292324d21f1aa369f373dd8fcb9677d63d39264aa32aae967c5647a3a39af5a",
                "sha256:7854a34c1b239c1c754d15eaa053b8543177e3a7a5ca8b896754886591f674f5",
                "sha256:83ea0a340a1868717f395f607b471b4073f41b0953e05920b4f8e872cf7b9363",
                "sha256:9c1ce86d7e0b7e48c6ea0e265de8aa3caca359907f0e672b443b307f6fe7e646",
                "sha256:af78a2ebd12e4aa3f0cb915c89a9af0e3a5eecb5c1c8f230a425217e48683e8c",
                "sha256:bcdb020ad8a96dde0c95d0c8134365b3e559d2c9b7426fbc0674f8b285196653",
                "sha256:c098e09b87ef9eb2ca5d9035450a9b552abe2604f4d994e5740a5ab1e3451337",
                "sha256:d084377d72eaeca70e3577066df99cbdd9e60bed84fff1b1ae226034695d624e",
                "sha256:de0e9e0c94c6a050ca69577f9b83d50cf049c0eced357869d97cbc6b063765de",
                "sha256:f44a82b688ec3658b93d4a450fa0b832f00adf129bbbb4e16f3bffb6fabc6046",
                "sha256:fc3c2fd57cb55340e8ecb328cdc2d93652c6ef131dd4e950fb7b2f90c70af5d8"
            ],
            "markers": "python_version >= '3.6'",
            "version": "==2021.3.1.0"
        },
        "robotpy-halsim-gui": {
            "hashes": [
                "sha256:19e73267f18839583e68859f819c0e089119a04aea3f3d4b23b516583bf01c04",
                "sha256:1f4fbf738dea21c3017df3f1966948bf1680483535a6719a5f165a2ccfc6ddc5",
                "sha256:2d88d253af44dca7f705cfb2684d0bde1db7ea087a9b9a449c78146abe7d1c40",
                "sha256:34b3580281946ff9a4eaaf6a4eebd671155775ccb423063515325f0bf4a4513d",
                "sha256:35db2fa6a01ebc49e8735f0d9e97e014828517227a5bc337dd42d0a8faf42324",
                "sha256:400345c0a99d60bb4974ffe494135a7b69d46b6ec8498c2430730d8b83b1e33c",
                "sha256:5447ba95be2ca203e784f4575fe805406dcdbffb4ee93792a48613ded691924e",
                "sha256:5d1699028fd34cfef2fc42f93c386d3bc6339065e5f1b6845cafcbb07c068552",
                "sha256:63f93d7c591c1d0099eee181a71f9eefaed47f4f4ac7ec4a7c5ea829ac51e943",
                "sha256:647ccfd1d123d7902d01e177ffc742d5aa958840421a985c38ebbc4bf5318a37",
                "sha256:703df32da6ad595345b01a9d4ca59281b7c12e254fb3b6be53b1555c6b6dd8c0",
                "sha256:8e3e679ff75776b9e13070f22f9be5d6abefcba9009887b90ce409fe35cc14e0",
                "sha256:dd1895c08f1f3c00fea0764d9024c830d066c4a61e0782c90198d3a3d2f90d85",
                "sha256:e6ce5ccac03f042659a8c7431183abd03f41bf581a29dc9110067303e1a21363",
                "sha256:f5d5827c0424bb85184a32daeef04bf0daba93fc0c43f4f0d58531923bb978ee",
                "sha256:f91a6ff2ccb719665937629a393eb5d5c9b7c2c5cab48e1de30cd54d5876e777",
                "sha256:fa66bcb965e2f329239b5a7ddb48958d3213afac0d43fd69f5de7ee6920d7c96"
            ],
            "markers": "platform_machine != 'armv7l'",
            "version": "==2021.3.1.0"
        },
        "robotpy-installer": {
            "hashes": [
                "sha256:cc0783057c2bc003a748f2b33ecd271892dd599d2a21b8013ac57d0367200402",
                "sha256:db939c37a928ca3d4f73d910c7cd3ce4d3cde76bc47228053ad9a78758b3e132"
            ],
            "markers": "platform_machine != 'armv7l'",
            "version": "==2021.0.5"
        },
        "robotpy-rev": {
            "hashes": [
                "sha256:003403ce0b31082bf23b20e2f66e45cb47ea9bceb4b06c2a5f8f9b202a92a6c1",
                "sha256:074f491b42adcac8b18aa7f53547955f0e58665f20fe3c1a92fc6e1c38f47318",
                "sha256:2c7749d81d964d28e2f355265488179ef0b6f32bd771388f3d0b3493b18609ea",
                "sha256:6a291e4a513c3f2482e26d7e8b51a70c2cf3a7b5bd46b94cbf50db552214ac76",
                "sha256:7b12c75c733d34b326975f9d554c736f86472809456c28bcab533959a68fac48",
                "sha256:7b498b9f0d69957abeef86460ba5b628b637ba2f581592af14e095bedcbe31fb",
                "sha256:7d8961eee1a6829a8c39b854c837ed22cf991b1adfc454163c7f6a1154dea939",
                "sha256:8d914b3f24e6c265ca33f12d4c108026c7d4b3b35e1e69b70db8a4576c650586",
                "sha256:acef7de413bb9dfec4753cee67fcfd7a5b3dd4a14c1b1830efc3e46aa14b9044",
                "sha256:baa73bb71c84613ea9190c5d3fc10bd0cecdb3087eaeffe0b5afcd9b6cbc6c30",
                "sha256:cc98ebc6b44bda68d8193db660553eaba1003a6fd065d3cba118323f1eef1842",
                "sha256:dc6bc2ee234ed1031227ef274ee5011f4c132b908989f05f4ec7b80f3ba66fc9",
                "sha256:f49763d11abe5fac5ea1388cea821f1ca0d845180912aa80e23ab1df3a168ff1"
            ],
            "version": "==2021.0.2"
        },
        "robotpy-rev-color": {
            "hashes": [
                "sha256:0199323f5119ab92db576740f597a9c92186663423568caacf30e316155bae6a",
                "sha256:047d1dc44e8f4c14e28608fe7c43d61a1cbfd76d712370b52e41756f50928577",
                "sha256:278b05e74bb103825a525082937f4eee09caf001f71f5a0b7c82879ea5de9f43",
                "sha256:4bea6b8190b5d1ec9e0dd44fd5cbf77328e3ff717ebd5e2a6d7711b8d63eeaaa",
                "sha256:4f29df0f3347aee1487bb211db8786b66aaf9b5797aaa508daaf06581d36f621",
                "sha256:55774e19d94ec7d2134c97d19a62aff1645fa54c1d0ae4dca8f317ac31ad2da2",
                "sha256:871c2c43bbb881b8dab5f0ffe899f3b0b0e200f013fe5db18127296082b7ada3",
                "sha256:8f7d8a92c7a60888a64d24bb8c9a008ac4e3aaafccd746f6ae6623c8b045a7b9",
                "sha256:8fa2dbf71be6058ee26996d49511a249a533977822fa188e9af9cfea927287d7",
                "sha256:a0a5f4d1f69c47b508843bb5d2380d2c5de1c30f35fe796ca66b9c18830294e1",
                "sha256:ac8106a4f928922052d2f9fabff9005a512f42f96e115c3291119673c7f4d393",
                "sha256:d34a57c3b3596893d062406e59c37289720d44dbe972f199880d64ab09c39b1d",
                "sha256:dc4e7a4bcda7515869b70222b55e9eeac8e44642816e7dfcb3c4a5ea8c2aea7e",
                "sha256:ddf0405bfa8dfa6ff6c498c57a2fe949c787186de42419c93096cb0fafb18055",
                "sha256:e3aad7dc778b384fcc59b1e542a1301832578b3d74afd81d278e3fdd1af985e8",
                "sha256:eda29c3bb59c84975718ce8caa0d11b47e1eee589a01bd2fff67ecd071751e11",
                "sha256:fdd21de4374bca71e62ae53203b840f9b617d9117e4cb7f7893abea63d98dc38"
            ],
            "version": "==2021.1.2.0"
        },
        "robotpy-wpilib-utilities": {
            "hashes": [
                "sha256:11bc0ca34f1f11194da8223bf4629a3eb28c5c0e4e56d272c357cb633609b7f2",
                "sha256:ed57df3dfbc4db5999e78dc70190148fd39f090b34cfa42411b47db12763002b"
            ],
            "markers": "python_version >= '3.6'",
            "version": "==2021.0.1"
        },
        "robotpy-wpimath": {
            "hashes": [
                "sha256:00ce92ed68d4078fe09bf5172d0fbadb0ac6e89c5b138efd6208cf0740db5a4d",
                "sha256:0bb77b1cddde85661e4a3c1d37bd52902e4623766f35f6d0fd2c6f4ad0e17c98",
                "sha256:16f4ebf0f564611938c1cd4c0d424448e394309d99e5f133e5f220db08d77ec3",
                "sha256:18d83cbcf6f4379f592707f516e13b3b885fe6277638a38fb11491f9bffe227a",
                "sha256:26686b636af985511cccd7677b8aa9f147bde8157aec072c96512d28857ccbca",
                "sha256:3a716f90448a09fd40d519c6e4e6a8454a247ec19bd34c9144d967d055f46b6e",
                "sha256:4929f42ee742d6cab297309d5c99f4464c0a34df00f715b52b2066e77aa8d2e2",
                "sha256:4f7daf9ee60616472416b0b9bf1069ed9839a0c6de17af71e0398a0bed1040db",
                "sha256:5ceb18f2adb2ef83c8dbb6da7f458c109c2caf0659056bfdec101e77015d7836",
                "sha256:66cd285dea3350b64c45d8fa6f55b4e2c708523fe09efbfe06c4135e4cb64c21",
                "sha256:7725c70eb0d478278adbe264d713b13c79a539f3dfada1518186961a74b72305",
                "sha256:91903d55865c349b5467c3a8266c7932ad60b64a603133b10a5784990b9eab6c",
                "sha256:be1fcef8fdd6a50eb8ab8702cf9910c35e135e35683bc43284e3f5b014addaf0",
                "sha256:cf94a3e4c1eedbf7636ddb4e2ac63f7713cf053d00233d9ec710e495fddb7967",
                "sha256:dbd0dbfefec6c74c11ab7e33c9a422ac4e67ffe61ba450763643befad05f6b56",
                "sha256:dec09759b3501e640e99d082208810e416847c6707e756f66ddf04b1411d7252",
                "sha256:e5228fb9492cab273f16c08acbf1776339334cffdef593784839944bad54784f"
            ],
            "markers": "python_version >= '3.6'",
            "version": "==2021.3.1.0"
        },
        "robotpy-wpiutil": {
            "hashes": [
                "sha256:04b3f891bd5edd1ed938837e4c6f73cf142b62d809673910107ed6b89f457d88",
                "sha256:0faa619cd29688dc804d7206cf9eb29ed9272f5fd7e9c7fca3ff4097adb115d8",
                "sha256:23d11770ed2d28fc755eca15a5cc9867fb4512a48930012afee0c0b78c64ef58",
                "sha256:2abee092cde6a85cbea2f977b3ac732b79cc6f0f244774962e1a9aab94ebcce1",
                "sha256:3d719a97f4543fa55c6d02eb13629a95ab1a94e8d4705b64b0baca2c20c2afd4",
                "sha256:47e3e1aa112c650c73aa95a6d016d932e22a37d55e8af7bc6d586da92d7226cd",
                "sha256:50a1158e99b96a107da955857273d606b3615f928d5e7ae112570d569e90ada6",
                "sha256:62b396c33f6c4ee197c461d6e2021c33ee9e7e3b2e815f45b2c04cdb229b8537",
                "sha256:676757a9c84068d5d8d7e6eb523404261d874fd46dff410886ee7c81a0b26851",
                "sha256:692382cc7d734cbcbcf2e68545bd6377d6675664fd261ccfc7bd2c3cb034b5e7",
                "sha256:902b8b3b925eacb94172f08bb9420e6dc02c53d4ead37c7fbbb0ee1e73d75301",
                "sha256:b5d24740dfa8addc2fc0602ae016621ea051e8f8e57537dcaf009f7a5cebec82",
                "sha256:ce577929ed10975a0ec0393ee6f7e2fc931f8c17a1e4a68ce2f4d67c4abaf48d",
                "sha256:d2be3ea62ca3ac1346fd61d83440e9378f7fd0d07a6c659f2056fa9596c354c5",
                "sha256:d9e4c2b1a234fbb02272ba37cab17bbf930deb955ebddb1a34539e94237af864",
                "sha256:e68a8aa0565a451e7c0e1fa64f8298b2f04e83a06886796edd611f84b11ab707",
                "sha256:f5b6099e8167cd090a5e9605f1989031e1d19015379277b2131b2830b57ff640"
            ],
            "markers": "python_version >= '3.6'",
            "version": "==2021.3.1.0"
        },
        "six": {
            "hashes": [
                "sha256:1e61c37477a1626458e36f7b1d82aa5c9b094fa4802892072e49de9c60c4c926",
                "sha256:8abb2f1d86890a2dfb989f9a77cfcfd3e47c2a354b01111771326f8aa26e0254"
            ],
            "markers": "python_version >= '2.7' and python_version not in '3.0, 3.1, 3.2, 3.3'",
            "version": "==1.16.0"
        },
        "toml": {
            "hashes": [
                "sha256:806143ae5bfb6a3c6e736a764057db0e6a0e05e338b5630894a5f779cabb4f9b",
                "sha256:b3bda1d108d5dd99f4a20d24d9c348e91c4db7ab1b749200bded2f839ccbe68f"
            ],
            "markers": "python_version >= '2.6' and python_version not in '3.0, 3.1, 3.2, 3.3'",
            "version": "==0.10.2"
        },
        "wpilib": {
            "extras": [
                "all"
            ],
            "hashes": [
                "sha256:09d25b531b1b663497ff675b39a8b03d6ccacf01c09f64117d837675d99f2c5e",
                "sha256:1b7d10246b8be291e02d2b5f0532ae3edec47a6065206aa8f9ef1de8c2bb3f95",
                "sha256:3773841ab908a445016daa02c8c18c3eb2e516332ebf5a3e9b2285447b925156",
                "sha256:37b7abf2acad5094f3482b6f5bee602c33814f4012cb8503d587ee26142cd6a3",
                "sha256:662338797eb8d79d2fd1fb2f9fed8211af55f21be0b743088b1a3d53422f4be9",
                "sha256:6f51ce32bd703f9084f7bb413c812341ab946c14875637fb583159d3fb2bd32d",
                "sha256:7bc0356f7fcfb8c901d4b69e83759694f891dd43da4e95fb34f3d59f964b1bbd",
                "sha256:81d86d408f344a29f5e80f5de95a9a99cf5b966b85cc358e413c229c400f4367",
                "sha256:96e30a4aff5860fbbd2b57fa63639ed6cf8a9efa8e3a156acf69327e4e46c7dc",
                "sha256:b57122302a6db652f13b3ae9a0a1892e1757780dbcb9ebd4b008581ea80a91a2",
                "sha256:c03505c5fb16118e3cedc9d07e0cacbe4852ec18ded8a542ede3f058ab44caaf",
                "sha256:c2ec5801919d8e64acf943fae3df71173abfd7bd4c6feebafdcb252e33edef2d",
                "sha256:c82d2ab092fea7bae5125814c2db06606ca153e4e8b870dc9e678243d333f9a4",
                "sha256:d2cbd2ba148cf20bea81a36d264580e0eecbe3fdaecccbeee6c778dd01957b9a",
                "sha256:df17366d3f87afc1fd45fd00833d5a55ac91453f13b11eac5317476197cb2b04",
                "sha256:f7a77c6a93e78dc6eb0bbef30360829d9f24d6df832a5f771d7a53b98a40b8cb",
                "sha256:f8d7177b2475ded6253cf2818dae55e226ea060dcd96ad406eaa7915ad3cb822"
            ],
            "index": "pypi",
            "version": "==2021.3.1.0"
        }
    },
    "develop": {}
}
